
Microsoft Visual Studio Solution File, Format Version 12.00
# Visual Studio 2012
Project("{FAE04EC0-301F-11D3-BF4B-00C04F79EFBC}") = "CupSdk", "CupSdk\CupSdk.csproj", "{85491514-6D4F-4A1D-AAA7-088D6FC12DA9}"
EndProject
Global
	GlobalSection(SolutionConfigurationPlatforms) = preSolution
		Debug|Any CPU = Debug|Any CPU
		Release|Any CPU = Release|Any CPU
	EndGlobalSection
	GlobalSection(ProjectConfigurationPlatforms) = postSolution
		{85491514-6D4F-4A1D-AAA7-088D6FC12DA9}.Debug|Any CPU.ActiveCfg = Debug|Any CPU
		{85491514-6D4F-4A1D-AAA7-088D6FC12DA9}.Debug|Any CPU.Build.0 = Debug|Any CPU
		{85491514-6D4F-4A1D-AAA7-088D6FC12DA9}.Release|Any CPU.ActiveCfg = Release|Any CPU
		{85491514-6D4F-4A1D-AAA7-088D6FC12DA9}.Release|Any CPU.Build.0 = Release|Any CPU
	EndGlobalSection
	GlobalSection(MonoDevelopProperties) = preSolution
		StartupItem = CupSdk\CupSdk.csproj
	EndGlobalSection
EndGlobal
